
Microsoft Visual Studio Solution File, Format Version 12.00
# Visual Studio Version 16
VisualStudioVersion = 16.0.30517.126
MinimumVisualStudioVersion = 10.0.40219.1
Project("{8BC9CEB8-8B4A-11D0-8D11-00A0C91BC942}") = "Sensor Fusion Unit Test", "Sensor Fusion Unit Test.vcxproj", "{08F19A9C-C45F-4424-9DFE-BCB24149573F}"
EndProject
Project("{8BC9CEB8-8B4A-11D0-8D11-00A0C91BC942}") = "Matrix Unit Test", "..\..\Matrix\Matrix Unit Test\Matrix Unit Test.vcxproj", "{10A660E1-433D-4FBE-8711-93167A59BBF4}"
EndProject
Global
	GlobalSection(SolutionConfigurationPlatforms) = preSolution
		Debug|x64 = Debug|x64
		Debug|x86 = Debug|x86
		Release|x64 = Release|x64
		Release|x86 = Release|x86
	EndGlobalSection
	GlobalSection(ProjectConfigurationPlatforms) = postSolution
		{08F19A9C-C45F-4424-9DFE-BCB24149573F}.Debug|x64.ActiveCfg = Debug|x64
		{08F19A9C-C45F-4424-9DFE-BCB24149573F}.Debug|x64.Build.0 = Debug|x64
		{08F19A9C-C45F-4424-9DFE-BCB24149573F}.Debug|x86.ActiveCfg = Debug|Win32
		{08F19A9C-C45F-4424-9DFE-BCB24149573F}.Debug|x86.Build.0 = Debug|Win32
		{08F19A9C-C45F-4424-9DFE-BCB24149573F}.Release|x64.ActiveCfg = Release|x64
		{08F19A9C-C45F-4424-9DFE-BCB24149573F}.Release|x64.Build.0 = Release|x64
		{08F19A9C-C45F-4424-9DFE-BCB24149573F}.Release|x86.ActiveCfg = Release|Win32
		{08F19A9C-C45F-4424-9DFE-BCB24149573F}.Release|x86.Build.0 = Release|Win32
		{10A660E1-433D-4FBE-8711-93167A59BBF4}.Debug|x64.ActiveCfg = Debug|x64
		{10A660E1-433D-4FBE-8711-93167A59BBF4}.Debug|x64.Build.0 = Debug|x64
		{10A660E1-433D-4FBE-8711-93167A59BBF4}.Debug|x86.ActiveCfg = Debug|Win32
		{10A660E1-433D-4FBE-8711-93167A59BBF4}.Debug|x86.Build.0 = Debug|Win32
		{10A660E1-433D-4FBE-8711-93167A59BBF4}.Release|x64.ActiveCfg = Release|x64
		{10A660E1-433D-4FBE-8711-93167A59BBF4}.Release|x64.Build.0 = Release|x64
		{10A660E1-433D-4FBE-8711-93167A59BBF4}.Release|x86.ActiveCfg = Release|Win32
		{10A660E1-433D-4FBE-8711-93167A59BBF4}.Release|x86.Build.0 = Release|Win32
	EndGlobalSection
	GlobalSection(SolutionProperties) = preSolution
		HideSolutionNode = FALSE
	EndGlobalSection
	GlobalSection(ExtensibilityGlobals) = postSolution
		SolutionGuid = {9B7DF975-A8AB-4C80-94E5-C9837EFBF2C8}
	EndGlobalSection
EndGlobal
